github.com/jung-kurt/gofpdf/v2 v2.17.2 h1:STdTJmpkm0u4wJRHoM/LWKftam+x66MfVk6cEs+fMvc=
github.com/jung-kurt/gofpdf/v2 v2.17.2/go.mod h1:RF/RGAP0AS4rd9fVZ6gb7Lbw6178P/AdAxMRW8Kn/Vk=
golang.org/x/image v0.15.0 h1:kOELfmgrmJlw4Cdb7g/QGuB3CvDrXbqEIww/pNtNBm8=
golang.org/x/image v0.15.0/go.mod h1:HUYqC05R2ZcZ3ejNQsIHQDQiwWM4JBqmm6MKANTp4LE=
